
Microsoft Visual Studio Solution File, Format Version 12.00
# Visual Studio Version 17
VisualStudioVersion = 17.5.33516.290
MinimumVisualStudioVersion = 10.0.40219.1
Project("{9A19103F-16F7-4668-BE54-9A1E7A4F7556}") = "AZ204_Functions_Demo", "AZ204_Functions_Demo.csproj", "{23DA3C81-C71B-44C6-BDA1-DEC1900B3B95}"
EndProject
Project("{9A19103F-16F7-4668-BE54-9A1E7A4F7556}") = "LSC.AZ204.WebAPI", "..\LSC.AZ204.WebAPI\LSC.AZ204.WebAPI.csproj", "{7DBE53D6-5A48-4C96-87C0-FF3EEA2A4578}"
EndProject
Global
	GlobalSection(SolutionConfigurationPlatforms) = preSolution
		Debug|Any CPU = Debug|Any CPU
		Release|Any CPU = Release|Any CPU
	EndGlobalSection
	GlobalSection(ProjectConfigurationPlatforms) = postSolution
		{23DA3C81-C71B-44C6-BDA1-DEC1900B3B95}.Debug|Any CPU.ActiveCfg = Debug|Any CPU
		{23DA3C81-C71B-44C6-BDA1-DEC1900B3B95}.Debug|Any CPU.Build.0 = Debug|Any CPU
		{23DA3C81-C71B-44C6-BDA1-DEC1900B3B95}.Release|Any CPU.ActiveCfg = Release|Any CPU
		{23DA3C81-C71B-44C6-BDA1-DEC1900B3B95}.Release|Any CPU.Build.0 = Release|Any CPU
		{7DBE53D6-5A48-4C96-87C0-FF3EEA2A4578}.Debug|Any CPU.ActiveCfg = Debug|Any CPU
		{7DBE53D6-5A48-4C96-87C0-FF3EEA2A4578}.Debug|Any CPU.Build.0 = Debug|Any CPU
		{7DBE53D6-5A48-4C96-87C0-FF3EEA2A4578}.Release|Any CPU.ActiveCfg = Release|Any CPU
		{7DBE53D6-5A48-4C96-87C0-FF3EEA2A4578}.Release|Any CPU.Build.0 = Release|Any CPU
	EndGlobalSection
	GlobalSection(SolutionProperties) = preSolution
		HideSolutionNode = FALSE
	EndGlobalSection
	GlobalSection(ExtensibilityGlobals) = postSolution
		SolutionGuid = {CD37EC21-5563-40B8-9CA7-B87CE0061878}
	EndGlobalSection
EndGlobal
